<?xml version="1.0" encoding="utf-8"?>
<Project ToolsVersion="4.0" xmlns="http://schemas.microsoft.com/developer/msbuild/2003">
  <ItemGroup>
    <Filter Include="Source files">
      <UniqueIdentifier>{3593a48d-b947-4ee2-ae5f-0787abda6dd3}</UniqueIdentifier>
      <Extensions>cpp;c;cc;cxx;def;odl;idl;hpj;bat;asm;asmx</Extensions>
    </Filter>
    <Filter Include="Header files">
      <UniqueIdentifier>{fdf2afe9-8db8-4d63-9359-d5b0124df495}</UniqueIdentifier>
      <Extensions>h;hpp;hxx;hm;inl;inc;xsd</Extensions>
    </Filter>
    <Filter Include="Source files\Core">
      <UniqueIdentifier>{1e3ade34-56cf-44c7-8701-02da6d659b24}</UniqueIdentifier>
    </Filter>
    <Filter Include="Source files\Core\Inc">
      <UniqueIdentifier>{b0baf30c-b6ff-4072-9584-7d32868f5898}</UniqueIdentifier>
    </Filter>
    <Filter Include="Source files\Core\Src">
      <UniqueIdentifier>{47ecdd76-c478-419b-9b52-12fdf8664653}</UniqueIdentifier>
    </Filter>
    <Filter Include="Source files\Core\Startup">
      <UniqueIdentifier>{eeeb7826-8fd1-4e96-b2bf-72687149880e}</UniqueIdentifier>
    </Filter>
    <Filter Include="Source files\Drivers">
      <UniqueIdentifier>{b7402a7d-611e-48ed-80ac-085de7bf3c69}</UniqueIdentifier>
    </Filter>
    <Filter Include="Source files\Drivers\CMSIS">
      <UniqueIdentifier>{79702160-dba8-43b8-9ea7-df9aca46e31a}</UniqueIdentifier>
    </Filter>
    <Filter Include="Source files\Device-specific files">
      <UniqueIdentifier>{bd8aaeaa-14ac-4102-90b5-6af81bba4bf8}</UniqueIdentifier>
    </Filter>
    <Filter Include="Header files\Core">
      <UniqueIdentifier>{4b143851-5050-458a-8ffc-5347003316e7}</UniqueIdentifier>
    </Filter>
    <Filter Include="Header files\Core\Inc">
      <UniqueIdentifier>{c513935e-0b76-4a85-a96f-adf6906115de}</UniqueIdentifier>
    </Filter>
    <Filter Include="Header files\Core\Src">
      <UniqueIdentifier>{ce513e15-9572-4047-949a-f5a99820d157}</UniqueIdentifier>
    </Filter>
    <Filter Include="Header files\Core\Startup">
      <UniqueIdentifier>{f22a3244-c9fd-46ed-b726-30d7721ec9ef}</UniqueIdentifier>
    </Filter>
    <Filter Include="Header files\Drivers">
      <UniqueIdentifier>{3893e214-e3fb-40f4-8112-d29d24f64f11}</UniqueIdentifier>
    </Filter>
    <Filter Include="Header files\Drivers\CMSIS">
      <UniqueIdentifier>{df59b97b-3bf1-44df-94d8-adf75750cb4a}</UniqueIdentifier>
    </Filter>
    <Filter Include="Header files\Device-specific files">
      <UniqueIdentifier>{745c89f5-8f96-4f5d-bee7-47a2b793dc4f}</UniqueIdentifier>
    </Filter>
    <Filter Include="VisualGDB settings">
      <UniqueIdentifier>{e791483e-0c72-4d99-9876-e73cefc54be6}</UniqueIdentifier>
    </Filter>
  </ItemGroup>
  <ItemGroup>
    <ClInclude Include="..\..\Core\Inc\main.h">
      <Filter>Source files\Core\Inc</Filter>
    </ClInclude>
    <ClCompile Include="..\..\Core\Src\main.c">
      <Filter>Source files\Core\Src</Filter>
    </ClCompile>
    <ClCompile Include="..\..\Core\Src\syscalls.c">
      <Filter>Source files\Core\Src</Filter>
    </ClCompile>
    <ClCompile Include="..\..\Core\Src\sysmem.c">
      <Filter>Source files\Core\Src</Filter>
    </ClCompile>
    <ClCompile Include="..\..\Core\Src\system_stm32f1xx.c">
      <Filter>Source files\Core\Src</Filter>
    </ClCompile>
    <ClCompile Include="..\..\Core\Startup\startup_stm32f103c8tx.S">
      <Filter>Source files\Core\Startup</Filter>
    </ClCompile>
    <ClInclude Include="..\..\Drivers\CMSIS\cmsis_armcc.h">
      <Filter>Source files\Drivers\CMSIS</Filter>
    </ClInclude>
    <ClInclude Include="..\..\Drivers\CMSIS\cmsis_armclang.h">
      <Filter>Source files\Drivers\CMSIS</Filter>
    </ClInclude>
    <ClInclude Include="..\..\Drivers\CMSIS\cmsis_compiler.h">
      <Filter>Source files\Drivers\CMSIS</Filter>
    </ClInclude>
    <ClInclude Include="..\..\Drivers\CMSIS\cmsis_gcc.h">
      <Filter>Source files\Drivers\CMSIS</Filter>
    </ClInclude>
    <ClInclude Include="..\..\Drivers\CMSIS\cmsis_iccarm.h">
      <Filter>Source files\Drivers\CMSIS</Filter>
    </ClInclude>
    <ClInclude Include="..\..\Drivers\CMSIS\cmsis_version.h">
      <Filter>Source files\Drivers\CMSIS</Filter>
    </ClInclude>
    <ClInclude Include="..\..\Drivers\CMSIS\core_armv8mbl.h">
      <Filter>Source files\Drivers\CMSIS</Filter>
    </ClInclude>
    <ClInclude Include="..\..\Drivers\CMSIS\core_armv8mml.h">
      <Filter>Source files\Drivers\CMSIS</Filter>
    </ClInclude>
    <ClInclude Include="..\..\Drivers\CMSIS\core_cm0.h">
      <Filter>Source files\Drivers\CMSIS</Filter>
    </ClInclude>
    <ClInclude Include="..\..\Drivers\CMSIS\core_cm0plus.h">
      <Filter>Source files\Drivers\CMSIS</Filter>
    </ClInclude>
    <ClInclude Include="..\..\Drivers\CMSIS\core_cm1.h">
      <Filter>Source files\Drivers\CMSIS</Filter>
    </ClInclude>
    <ClInclude Include="..\..\Drivers\CMSIS\core_cm23.h">
      <Filter>Source files\Drivers\CMSIS</Filter>
    </ClInclude>
    <ClInclude Include="..\..\Drivers\CMSIS\core_cm3.h">
      <Filter>Source files\Drivers\CMSIS</Filter>
    </ClInclude>
    <ClInclude Include="..\..\Drivers\CMSIS\core_cm33.h">
      <Filter>Source files\Drivers\CMSIS</Filter>
    </ClInclude>
    <ClInclude Include="..\..\Drivers\CMSIS\core_cm4.h">
      <Filter>Source files\Drivers\CMSIS</Filter>
    </ClInclude>
    <ClInclude Include="..\..\Drivers\CMSIS\core_cm7.h">
      <Filter>Source files\Drivers\CMSIS</Filter>
    </ClInclude>
    <ClInclude Include="..\..\Drivers\CMSIS\core_sc000.h">
      <Filter>Source files\Drivers\CMSIS</Filter>
    </ClInclude>
    <ClInclude Include="..\..\Drivers\CMSIS\core_sc300.h">
      <Filter>Source files\Drivers\CMSIS</Filter>
    </ClInclude>
    <ClInclude Include="..\..\Drivers\CMSIS\mpu_armv7.h">
      <Filter>Source files\Drivers\CMSIS</Filter>
    </ClInclude>
    <ClInclude Include="..\..\Drivers\CMSIS\mpu_armv8.h">
      <Filter>Source files\Drivers\CMSIS</Filter>
    </ClInclude>
    <ClInclude Include="..\..\Drivers\CMSIS\stm32f103xb.h">
      <Filter>Source files\Drivers\CMSIS</Filter>
    </ClInclude>
    <ClInclude Include="..\..\Drivers\CMSIS\stm32f1xx.h">
      <Filter>Source files\Drivers\CMSIS</Filter>
    </ClInclude>
    <ClInclude Include="..\..\Drivers\CMSIS\system_stm32f1xx.h">
      <Filter>Source files\Drivers\CMSIS</Filter>
    </ClInclude>
    <ClInclude Include="..\..\Drivers\CMSIS\tz_context.h">
      <Filter>Source files\Drivers\CMSIS</Filter>
    </ClInclude>
    <None Include="stm32.props">
      <Filter>Source files\Device-specific files</Filter>
    </None>
    <None Include="I2C_Lesson6-Debug.vgdbsettings">
      <Filter>VisualGDB settings</Filter>
    </None>
    <None Include="I2C_Lesson6-Release.vgdbsettings">
      <Filter>VisualGDB settings</Filter>
    </None>
    <None Include="stm32.xml">
      <Filter>VisualGDB settings</Filter>
    </None>
    <ClInclude Include="..\..\Core\Inc\stm32f103xx_CMSIS.h">
      <Filter>Source files\Core\Inc</Filter>
    </ClInclude>
  </ItemGroup>
  <ItemGroup>
    <ClCompile Include="..\..\Core\Src\stm32f103xx_CMSIS.c">
      <Filter>Source files\Core\Src</Filter>
    </ClCompile>
  </ItemGroup>
</Project>