<?xml version="1.0" encoding="utf-8"?>
<Project ToolsVersion="4.0" xmlns="http://schemas.microsoft.com/developer/msbuild/2003">
  <ItemGroup>
    <Filter Include="Source files">
      <UniqueIdentifier>{5bef49a4-ed37-4dcb-bc08-56b834004564}</UniqueIdentifier>
      <Extensions>cpp;c;cc;cxx;def;odl;idl;hpj;bat;asm;asmx</Extensions>
    </Filter>
    <Filter Include="Header files">
      <UniqueIdentifier>{53430862-3347-445e-ab04-981b5417848e}</UniqueIdentifier>
      <Extensions>h;hpp;hxx;hm;inl;inc;xsd</Extensions>
    </Filter>
    <Filter Include="Resource files">
      <UniqueIdentifier>{7b22499f-8136-4906-afad-6bca8b594c6c}</UniqueIdentifier>
      <Extensions>rc;ico;cur;bmp;dlg;rc2;rct;bin;rgs;gif;jpg;jpeg;jpe;resx;tiff;tif;png;wav</Extensions>
    </Filter>
    <Filter Include="Source files\Core">
      <UniqueIdentifier>{43c1b87b-384f-4843-a6a3-9913abca175a}</UniqueIdentifier>
    </Filter>
    <Filter Include="Source files\Core\Inc">
      <UniqueIdentifier>{4b6084c8-2b93-403f-a956-9b4638e81132}</UniqueIdentifier>
    </Filter>
    <Filter Include="Source files\Core\Src">
      <UniqueIdentifier>{a73b8b73-b73e-4647-b9f5-fe1e86fdcb61}</UniqueIdentifier>
    </Filter>
    <Filter Include="Source files\Core\Startup">
      <UniqueIdentifier>{94262340-f560-4fa9-b280-bf54e326942d}</UniqueIdentifier>
    </Filter>
    <Filter Include="Source files\Drivers">
      <UniqueIdentifier>{689477dc-3b06-4e44-b7ca-90c811c6acbf}</UniqueIdentifier>
    </Filter>
    <Filter Include="Source files\Drivers\CMSIS">
      <UniqueIdentifier>{4a177761-8893-48ab-963a-f5e997d47bb3}</UniqueIdentifier>
    </Filter>
    <Filter Include="Source files\Drivers\CMSIS\Device">
      <UniqueIdentifier>{2fc9acbf-10e9-4086-b36f-575505e1e53d}</UniqueIdentifier>
    </Filter>
    <Filter Include="Source files\Drivers\CMSIS\Device\ST">
      <UniqueIdentifier>{55955927-6a94-41ff-affa-b0b4fa51c357}</UniqueIdentifier>
    </Filter>
    <Filter Include="Source files\Drivers\CMSIS\Device\ST\STM32F1xx">
      <UniqueIdentifier>{e54c049b-8ca3-47ff-8de2-883f314be0d1}</UniqueIdentifier>
    </Filter>
    <Filter Include="Source files\Drivers\CMSIS\Device\ST\STM32F1xx\Include">
      <UniqueIdentifier>{e8191b25-5618-4739-88a8-9027e0a3b712}</UniqueIdentifier>
    </Filter>
    <Filter Include="Source files\Drivers\CMSIS\Include">
      <UniqueIdentifier>{cadf7e8c-3316-460a-a44a-63f83dcb08b9}</UniqueIdentifier>
    </Filter>
    <Filter Include="Source files\Drivers\STM32F1xx_HAL_Driver">
      <UniqueIdentifier>{676aafad-6529-46bc-9cba-1b9aafbe1cfc}</UniqueIdentifier>
    </Filter>
    <Filter Include="Source files\Drivers\STM32F1xx_HAL_Driver\Inc">
      <UniqueIdentifier>{f8a04563-5469-4401-a0bf-da06b9da80d4}</UniqueIdentifier>
    </Filter>
    <Filter Include="Source files\Drivers\STM32F1xx_HAL_Driver\Inc\Legacy">
      <UniqueIdentifier>{6fc575fd-4b02-4a1d-88ab-c09dc04c80f7}</UniqueIdentifier>
    </Filter>
    <Filter Include="Source files\Drivers\STM32F1xx_HAL_Driver\Src">
      <UniqueIdentifier>{8e18d365-2aa7-436f-b72c-d0b742504a1e}</UniqueIdentifier>
    </Filter>
    <Filter Include="Source files\Device-specific files">
      <UniqueIdentifier>{9844eb14-1774-43e1-b909-72f167645345}</UniqueIdentifier>
    </Filter>
    <Filter Include="Header files\Core">
      <UniqueIdentifier>{e1c9eaea-a6f6-4982-9bd5-b147bab8ecc1}</UniqueIdentifier>
    </Filter>
    <Filter Include="Header files\Core\Inc">
      <UniqueIdentifier>{05e6bc0d-8e52-4864-add7-cba9cce8a3a2}</UniqueIdentifier>
    </Filter>
    <Filter Include="Header files\Core\Src">
      <UniqueIdentifier>{aeadcd18-0c03-4437-b82b-2a84c30f942c}</UniqueIdentifier>
    </Filter>
    <Filter Include="Header files\Core\Startup">
      <UniqueIdentifier>{daa631d5-d04a-4771-8103-fe30e074fa95}</UniqueIdentifier>
    </Filter>
    <Filter Include="Header files\Drivers">
      <UniqueIdentifier>{78946a56-1da9-4afd-b745-5bfd04d433af}</UniqueIdentifier>
    </Filter>
    <Filter Include="Header files\Drivers\CMSIS">
      <UniqueIdentifier>{b8ac4475-6722-42ab-b9b2-f6e7e39e94a0}</UniqueIdentifier>
    </Filter>
    <Filter Include="Header files\Drivers\CMSIS\Device">
      <UniqueIdentifier>{bbcf051a-3456-47f3-9b7c-01cfeb886bb6}</UniqueIdentifier>
    </Filter>
    <Filter Include="Header files\Drivers\CMSIS\Device\ST">
      <UniqueIdentifier>{d184eb92-e8c6-4095-8b0b-46205b0e7be3}</UniqueIdentifier>
    </Filter>
    <Filter Include="Header files\Drivers\CMSIS\Device\ST\STM32F1xx">
      <UniqueIdentifier>{bf2f9945-8d28-4543-873f-51283c366a27}</UniqueIdentifier>
    </Filter>
    <Filter Include="Header files\Drivers\CMSIS\Device\ST\STM32F1xx\Include">
      <UniqueIdentifier>{7999f347-411f-4a74-abb7-5145a1527c0f}</UniqueIdentifier>
    </Filter>
    <Filter Include="Header files\Drivers\CMSIS\Include">
      <UniqueIdentifier>{2f2405c9-99a6-4163-a631-b44ee90f3182}</UniqueIdentifier>
    </Filter>
    <Filter Include="Header files\Drivers\STM32F1xx_HAL_Driver">
      <UniqueIdentifier>{270bb669-5456-4c76-8ae9-e7c48d2675bd}</UniqueIdentifier>
    </Filter>
    <Filter Include="Header files\Drivers\STM32F1xx_HAL_Driver\Inc">
      <UniqueIdentifier>{e9b8b5be-94ff-4888-9396-8efabd070ee5}</UniqueIdentifier>
    </Filter>
    <Filter Include="Header files\Drivers\STM32F1xx_HAL_Driver\Inc\Legacy">
      <UniqueIdentifier>{bc6b9948-1304-4b05-a1d6-e80447b7e38a}</UniqueIdentifier>
    </Filter>
    <Filter Include="Header files\Drivers\STM32F1xx_HAL_Driver\Src">
      <UniqueIdentifier>{3da9a452-766b-4ed3-ac6f-484144b939ef}</UniqueIdentifier>
    </Filter>
    <Filter Include="Header files\Device-specific files">
      <UniqueIdentifier>{ca8fa5a3-44b1-4424-8929-b671008f5ae1}</UniqueIdentifier>
    </Filter>
    <Filter Include="VisualGDB settings">
      <UniqueIdentifier>{7ee2e2a2-20d2-4aa2-af1f-eb550bd0cf49}</UniqueIdentifier>
    </Filter>
  </ItemGroup>
  <ItemGroup>
    <ClInclude Include="..\..\Core\Inc\main.h">
      <Filter>Source files\Core\Inc</Filter>
    </ClInclude>
    <ClInclude Include="..\..\Core\Inc\stm32f1xx_hal_conf.h">
      <Filter>Source files\Core\Inc</Filter>
    </ClInclude>
    <ClInclude Include="..\..\Core\Inc\stm32f1xx_it.h">
      <Filter>Source files\Core\Inc</Filter>
    </ClInclude>
    <ClCompile Include="..\..\Core\Src\main.c">
      <Filter>Source files\Core\Src</Filter>
    </ClCompile>
    <ClCompile Include="..\..\Core\Src\stm32f1xx_hal_msp.c">
      <Filter>Source files\Core\Src</Filter>
    </ClCompile>
    <ClCompile Include="..\..\Core\Src\stm32f1xx_it.c">
      <Filter>Source files\Core\Src</Filter>
    </ClCompile>
    <ClCompile Include="..\..\Core\Src\syscalls.c">
      <Filter>Source files\Core\Src</Filter>
    </ClCompile>
    <ClCompile Include="..\..\Core\Src\sysmem.c">
      <Filter>Source files\Core\Src</Filter>
    </ClCompile>
    <ClCompile Include="..\..\Core\Src\system_stm32f1xx.c">
      <Filter>Source files\Core\Src</Filter>
    </ClCompile>
    <ClCompile Include="..\..\Core\Startup\startup_stm32f103c8tx.S">
      <Filter>Source files\Core\Startup</Filter>
    </ClCompile>
    <ClInclude Include="..\..\Drivers\CMSIS\Device\ST\STM32F1xx\Include\stm32f103xb.h">
      <Filter>Source files\Drivers\CMSIS\Device\ST\STM32F1xx\Include</Filter>
    </ClInclude>
    <ClInclude Include="..\..\Drivers\CMSIS\Device\ST\STM32F1xx\Include\stm32f1xx.h">
      <Filter>Source files\Drivers\CMSIS\Device\ST\STM32F1xx\Include</Filter>
    </ClInclude>
    <ClInclude Include="..\..\Drivers\CMSIS\Device\ST\STM32F1xx\Include\system_stm32f1xx.h">
      <Filter>Source files\Drivers\CMSIS\Device\ST\STM32F1xx\Include</Filter>
    </ClInclude>
    <ClInclude Include="..\..\Drivers\CMSIS\Include\cmsis_armcc.h">
      <Filter>Source files\Drivers\CMSIS\Include</Filter>
    </ClInclude>
    <ClInclude Include="..\..\Drivers\CMSIS\Include\cmsis_armclang.h">
      <Filter>Source files\Drivers\CMSIS\Include</Filter>
    </ClInclude>
    <ClInclude Include="..\..\Drivers\CMSIS\Include\cmsis_compiler.h">
      <Filter>Source files\Drivers\CMSIS\Include</Filter>
    </ClInclude>
    <ClInclude Include="..\..\Drivers\CMSIS\Include\cmsis_gcc.h">
      <Filter>Source files\Drivers\CMSIS\Include</Filter>
    </ClInclude>
    <ClInclude Include="..\..\Drivers\CMSIS\Include\cmsis_iccarm.h">
      <Filter>Source files\Drivers\CMSIS\Include</Filter>
    </ClInclude>
    <ClInclude Include="..\..\Drivers\CMSIS\Include\cmsis_version.h">
      <Filter>Source files\Drivers\CMSIS\Include</Filter>
    </ClInclude>
    <ClInclude Include="..\..\Drivers\CMSIS\Include\core_armv8mbl.h">
      <Filter>Source files\Drivers\CMSIS\Include</Filter>
    </ClInclude>
    <ClInclude Include="..\..\Drivers\CMSIS\Include\core_armv8mml.h">
      <Filter>Source files\Drivers\CMSIS\Include</Filter>
    </ClInclude>
    <ClInclude Include="..\..\Drivers\CMSIS\Include\core_cm0.h">
      <Filter>Source files\Drivers\CMSIS\Include</Filter>
    </ClInclude>
    <ClInclude Include="..\..\Drivers\CMSIS\Include\core_cm0plus.h">
      <Filter>Source files\Drivers\CMSIS\Include</Filter>
    </ClInclude>
    <ClInclude Include="..\..\Drivers\CMSIS\Include\core_cm1.h">
      <Filter>Source files\Drivers\CMSIS\Include</Filter>
    </ClInclude>
    <ClInclude Include="..\..\Drivers\CMSIS\Include\core_cm23.h">
      <Filter>Source files\Drivers\CMSIS\Include</Filter>
    </ClInclude>
    <ClInclude Include="..\..\Drivers\CMSIS\Include\core_cm3.h">
      <Filter>Source files\Drivers\CMSIS\Include</Filter>
    </ClInclude>
    <ClInclude Include="..\..\Drivers\CMSIS\Include\core_cm33.h">
      <Filter>Source files\Drivers\CMSIS\Include</Filter>
    </ClInclude>
    <ClInclude Include="..\..\Drivers\CMSIS\Include\core_cm4.h">
      <Filter>Source files\Drivers\CMSIS\Include</Filter>
    </ClInclude>
    <ClInclude Include="..\..\Drivers\CMSIS\Include\core_cm7.h">
      <Filter>Source files\Drivers\CMSIS\Include</Filter>
    </ClInclude>
    <ClInclude Include="..\..\Drivers\CMSIS\Include\core_sc000.h">
      <Filter>Source files\Drivers\CMSIS\Include</Filter>
    </ClInclude>
    <ClInclude Include="..\..\Drivers\CMSIS\Include\core_sc300.h">
      <Filter>Source files\Drivers\CMSIS\Include</Filter>
    </ClInclude>
    <ClInclude Include="..\..\Drivers\CMSIS\Include\mpu_armv7.h">
      <Filter>Source files\Drivers\CMSIS\Include</Filter>
    </ClInclude>
    <ClInclude Include="..\..\Drivers\CMSIS\Include\mpu_armv8.h">
      <Filter>Source files\Drivers\CMSIS\Include</Filter>
    </ClInclude>
    <ClInclude Include="..\..\Drivers\CMSIS\Include\tz_context.h">
      <Filter>Source files\Drivers\CMSIS\Include</Filter>
    </ClInclude>
    <ClInclude Include="..\..\Drivers\STM32F1xx_HAL_Driver\Inc\stm32f1xx_hal.h">
      <Filter>Source files\Drivers\STM32F1xx_HAL_Driver\Inc</Filter>
    </ClInclude>
    <ClInclude Include="..\..\Drivers\STM32F1xx_HAL_Driver\Inc\stm32f1xx_hal_cortex.h">
      <Filter>Source files\Drivers\STM32F1xx_HAL_Driver\Inc</Filter>
    </ClInclude>
    <ClInclude Include="..\..\Drivers\STM32F1xx_HAL_Driver\Inc\stm32f1xx_hal_def.h">
      <Filter>Source files\Drivers\STM32F1xx_HAL_Driver\Inc</Filter>
    </ClInclude>
    <ClInclude Include="..\..\Drivers\STM32F1xx_HAL_Driver\Inc\stm32f1xx_hal_dma.h">
      <Filter>Source files\Drivers\STM32F1xx_HAL_Driver\Inc</Filter>
    </ClInclude>
    <ClInclude Include="..\..\Drivers\STM32F1xx_HAL_Driver\Inc\stm32f1xx_hal_dma_ex.h">
      <Filter>Source files\Drivers\STM32F1xx_HAL_Driver\Inc</Filter>
    </ClInclude>
    <ClInclude Include="..\..\Drivers\STM32F1xx_HAL_Driver\Inc\stm32f1xx_hal_exti.h">
      <Filter>Source files\Drivers\STM32F1xx_HAL_Driver\Inc</Filter>
    </ClInclude>
    <ClInclude Include="..\..\Drivers\STM32F1xx_HAL_Driver\Inc\stm32f1xx_hal_flash.h">
      <Filter>Source files\Drivers\STM32F1xx_HAL_Driver\Inc</Filter>
    </ClInclude>
    <ClInclude Include="..\..\Drivers\STM32F1xx_HAL_Driver\Inc\stm32f1xx_hal_flash_ex.h">
      <Filter>Source files\Drivers\STM32F1xx_HAL_Driver\Inc</Filter>
    </ClInclude>
    <ClInclude Include="..\..\Drivers\STM32F1xx_HAL_Driver\Inc\stm32f1xx_hal_gpio.h">
      <Filter>Source files\Drivers\STM32F1xx_HAL_Driver\Inc</Filter>
    </ClInclude>
    <ClInclude Include="..\..\Drivers\STM32F1xx_HAL_Driver\Inc\stm32f1xx_hal_gpio_ex.h">
      <Filter>Source files\Drivers\STM32F1xx_HAL_Driver\Inc</Filter>
    </ClInclude>
    <ClInclude Include="..\..\Drivers\STM32F1xx_HAL_Driver\Inc\stm32f1xx_hal_pwr.h">
      <Filter>Source files\Drivers\STM32F1xx_HAL_Driver\Inc</Filter>
    </ClInclude>
    <ClInclude Include="..\..\Drivers\STM32F1xx_HAL_Driver\Inc\stm32f1xx_hal_rcc.h">
      <Filter>Source files\Drivers\STM32F1xx_HAL_Driver\Inc</Filter>
    </ClInclude>
    <ClInclude Include="..\..\Drivers\STM32F1xx_HAL_Driver\Inc\stm32f1xx_hal_rcc_ex.h">
      <Filter>Source files\Drivers\STM32F1xx_HAL_Driver\Inc</Filter>
    </ClInclude>
    <ClInclude Include="..\..\Drivers\STM32F1xx_HAL_Driver\Inc\stm32f1xx_hal_tim.h">
      <Filter>Source files\Drivers\STM32F1xx_HAL_Driver\Inc</Filter>
    </ClInclude>
    <ClInclude Include="..\..\Drivers\STM32F1xx_HAL_Driver\Inc\stm32f1xx_hal_tim_ex.h">
      <Filter>Source files\Drivers\STM32F1xx_HAL_Driver\Inc</Filter>
    </ClInclude>
    <ClInclude Include="..\..\Drivers\STM32F1xx_HAL_Driver\Inc\Legacy\stm32_hal_legacy.h">
      <Filter>Source files\Drivers\STM32F1xx_HAL_Driver\Inc\Legacy</Filter>
    </ClInclude>
    <ClCompile Include="..\..\Drivers\STM32F1xx_HAL_Driver\Src\stm32f1xx_hal.c">
      <Filter>Source files\Drivers\STM32F1xx_HAL_Driver\Src</Filter>
    </ClCompile>
    <ClCompile Include="..\..\Drivers\STM32F1xx_HAL_Driver\Src\stm32f1xx_hal_cortex.c">
      <Filter>Source files\Drivers\STM32F1xx_HAL_Driver\Src</Filter>
    </ClCompile>
    <ClCompile Include="..\..\Drivers\STM32F1xx_HAL_Driver\Src\stm32f1xx_hal_dma.c">
      <Filter>Source files\Drivers\STM32F1xx_HAL_Driver\Src</Filter>
    </ClCompile>
    <ClCompile Include="..\..\Drivers\STM32F1xx_HAL_Driver\Src\stm32f1xx_hal_exti.c">
      <Filter>Source files\Drivers\STM32F1xx_HAL_Driver\Src</Filter>
    </ClCompile>
    <ClCompile Include="..\..\Drivers\STM32F1xx_HAL_Driver\Src\stm32f1xx_hal_flash.c">
      <Filter>Source files\Drivers\STM32F1xx_HAL_Driver\Src</Filter>
    </ClCompile>
    <ClCompile Include="..\..\Drivers\STM32F1xx_HAL_Driver\Src\stm32f1xx_hal_flash_ex.c">
      <Filter>Source files\Drivers\STM32F1xx_HAL_Driver\Src</Filter>
    </ClCompile>
    <ClCompile Include="..\..\Drivers\STM32F1xx_HAL_Driver\Src\stm32f1xx_hal_gpio.c">
      <Filter>Source files\Drivers\STM32F1xx_HAL_Driver\Src</Filter>
    </ClCompile>
    <ClCompile Include="..\..\Drivers\STM32F1xx_HAL_Driver\Src\stm32f1xx_hal_gpio_ex.c">
      <Filter>Source files\Drivers\STM32F1xx_HAL_Driver\Src</Filter>
    </ClCompile>
    <ClCompile Include="..\..\Drivers\STM32F1xx_HAL_Driver\Src\stm32f1xx_hal_pwr.c">
      <Filter>Source files\Drivers\STM32F1xx_HAL_Driver\Src</Filter>
    </ClCompile>
    <ClCompile Include="..\..\Drivers\STM32F1xx_HAL_Driver\Src\stm32f1xx_hal_rcc.c">
      <Filter>Source files\Drivers\STM32F1xx_HAL_Driver\Src</Filter>
    </ClCompile>
    <ClCompile Include="..\..\Drivers\STM32F1xx_HAL_Driver\Src\stm32f1xx_hal_rcc_ex.c">
      <Filter>Source files\Drivers\STM32F1xx_HAL_Driver\Src</Filter>
    </ClCompile>
    <ClCompile Include="..\..\Drivers\STM32F1xx_HAL_Driver\Src\stm32f1xx_hal_tim.c">
      <Filter>Source files\Drivers\STM32F1xx_HAL_Driver\Src</Filter>
    </ClCompile>
    <ClCompile Include="..\..\Drivers\STM32F1xx_HAL_Driver\Src\stm32f1xx_hal_tim_ex.c">
      <Filter>Source files\Drivers\STM32F1xx_HAL_Driver\Src</Filter>
    </ClCompile>
    <None Include="stm32.props">
      <Filter>Source files\Device-specific files</Filter>
    </None>
    <None Include="CMSIS_Lesson_0-Debug.vgdbsettings">
      <Filter>VisualGDB settings</Filter>
    </None>
    <None Include="CMSIS_Lesson_0-Release.vgdbsettings">
      <Filter>VisualGDB settings</Filter>
    </None>
    <None Include="stm32.xml">
      <Filter>VisualGDB settings</Filter>
    </None>
  </ItemGroup>
</Project>