<?xml version="1.0" encoding="utf-8"?>
<Project ToolsVersion="4.0" xmlns="http://schemas.microsoft.com/developer/msbuild/2003">
  <ItemGroup>
    <Filter Include="Source files">
      <UniqueIdentifier>{0bad813e-b829-4bc3-86e7-3882287133ec}</UniqueIdentifier>
      <Extensions>cpp;c;cc;cxx;def;odl;idl;hpj;bat;asm;asmx</Extensions>
    </Filter>
    <Filter Include="Header files">
      <UniqueIdentifier>{bb35733e-0e39-43ea-9d68-f9e589a2451d}</UniqueIdentifier>
      <Extensions>h;hpp;hxx;hm;inl;inc;xsd</Extensions>
    </Filter>
    <Filter Include="Resource files">
      <UniqueIdentifier>{0eb98a67-8c64-4c82-b0d3-1bc97a5f2261}</UniqueIdentifier>
      <Extensions>rc;ico;cur;bmp;dlg;rc2;rct;bin;rgs;gif;jpg;jpeg;jpe;resx;tiff;tif;png;wav</Extensions>
    </Filter>
    <Filter Include="Source files\Core">
      <UniqueIdentifier>{66aec399-f85b-49b4-bcac-99ecbe15ac5e}</UniqueIdentifier>
    </Filter>
    <Filter Include="Source files\Core\Inc">
      <UniqueIdentifier>{46c3d3e2-c0a5-417e-aab7-d3798462f2de}</UniqueIdentifier>
    </Filter>
    <Filter Include="Source files\Core\Src">
      <UniqueIdentifier>{93f35b6d-b5db-47eb-b461-14f6f2be7858}</UniqueIdentifier>
    </Filter>
    <Filter Include="Source files\Core\Startup">
      <UniqueIdentifier>{01b74d24-1627-493d-99a1-b2d18271a9db}</UniqueIdentifier>
    </Filter>
    <Filter Include="Source files\Drivers">
      <UniqueIdentifier>{159be1d1-a4a1-4ba9-a417-7c7596cbf205}</UniqueIdentifier>
    </Filter>
    <Filter Include="Source files\Drivers\CMSIS">
      <UniqueIdentifier>{af2181a5-0a4c-48de-8ddc-42ec98399abb}</UniqueIdentifier>
    </Filter>
    <Filter Include="Source files\Device-specific files">
      <UniqueIdentifier>{bd587c35-3b1a-46bf-bf29-fa991a92f4eb}</UniqueIdentifier>
    </Filter>
    <Filter Include="Header files\Core">
      <UniqueIdentifier>{7507201a-9f02-40db-a541-d588eba557c7}</UniqueIdentifier>
    </Filter>
    <Filter Include="Header files\Core\Inc">
      <UniqueIdentifier>{d87316b4-ebf6-4a4a-8642-4b0c534bf63b}</UniqueIdentifier>
    </Filter>
    <Filter Include="Header files\Core\Src">
      <UniqueIdentifier>{35edec59-a11d-4bdf-8216-f41e6eb9eef8}</UniqueIdentifier>
    </Filter>
    <Filter Include="Header files\Core\Startup">
      <UniqueIdentifier>{196851e3-5eef-49e7-8d50-4929dcfec138}</UniqueIdentifier>
    </Filter>
    <Filter Include="Header files\Drivers">
      <UniqueIdentifier>{6458f98d-8100-456b-a8eb-772cd3976dc6}</UniqueIdentifier>
    </Filter>
    <Filter Include="Header files\Drivers\CMSIS">
      <UniqueIdentifier>{dcc7fe5d-cfc5-4699-94b0-4f19e8b20603}</UniqueIdentifier>
    </Filter>
    <Filter Include="Header files\Device-specific files">
      <UniqueIdentifier>{24a1e04d-0251-49c6-aedb-7f4a4ef7f9cf}</UniqueIdentifier>
    </Filter>
    <Filter Include="VisualGDB settings">
      <UniqueIdentifier>{507c61d5-eb33-4836-9f37-72e27f7891ab}</UniqueIdentifier>
    </Filter>
  </ItemGroup>
  <ItemGroup>
    <ClInclude Include="..\..\Core\Inc\main.h">
      <Filter>Source files\Core\Inc</Filter>
    </ClInclude>
    <ClCompile Include="..\..\Core\Src\main.c">
      <Filter>Source files\Core\Src</Filter>
    </ClCompile>
    <ClCompile Include="..\..\Core\Src\stm32f1xx_CMSIS.c">
      <Filter>Source files\Core\Src</Filter>
    </ClCompile>
    <ClCompile Include="..\..\Core\Src\syscalls.c">
      <Filter>Source files\Core\Src</Filter>
    </ClCompile>
    <ClCompile Include="..\..\Core\Src\sysmem.c">
      <Filter>Source files\Core\Src</Filter>
    </ClCompile>
    <ClCompile Include="..\..\Core\Src\system_stm32f1xx.c">
      <Filter>Source files\Core\Src</Filter>
    </ClCompile>
    <ClCompile Include="..\..\Core\Startup\startup_stm32f103c8tx.S">
      <Filter>Source files\Core\Startup</Filter>
    </ClCompile>
    <ClInclude Include="..\..\Drivers\CMSIS\cmsis_armcc.h">
      <Filter>Source files\Drivers\CMSIS</Filter>
    </ClInclude>
    <ClInclude Include="..\..\Drivers\CMSIS\cmsis_armclang.h">
      <Filter>Source files\Drivers\CMSIS</Filter>
    </ClInclude>
    <ClInclude Include="..\..\Drivers\CMSIS\cmsis_compiler.h">
      <Filter>Source files\Drivers\CMSIS</Filter>
    </ClInclude>
    <ClInclude Include="..\..\Drivers\CMSIS\cmsis_gcc.h">
      <Filter>Source files\Drivers\CMSIS</Filter>
    </ClInclude>
    <ClInclude Include="..\..\Drivers\CMSIS\cmsis_iccarm.h">
      <Filter>Source files\Drivers\CMSIS</Filter>
    </ClInclude>
    <ClInclude Include="..\..\Drivers\CMSIS\cmsis_version.h">
      <Filter>Source files\Drivers\CMSIS</Filter>
    </ClInclude>
    <ClInclude Include="..\..\Drivers\CMSIS\core_armv8mbl.h">
      <Filter>Source files\Drivers\CMSIS</Filter>
    </ClInclude>
    <ClInclude Include="..\..\Drivers\CMSIS\core_armv8mml.h">
      <Filter>Source files\Drivers\CMSIS</Filter>
    </ClInclude>
    <ClInclude Include="..\..\Drivers\CMSIS\core_cm0.h">
      <Filter>Source files\Drivers\CMSIS</Filter>
    </ClInclude>
    <ClInclude Include="..\..\Drivers\CMSIS\core_cm0plus.h">
      <Filter>Source files\Drivers\CMSIS</Filter>
    </ClInclude>
    <ClInclude Include="..\..\Drivers\CMSIS\core_cm1.h">
      <Filter>Source files\Drivers\CMSIS</Filter>
    </ClInclude>
    <ClInclude Include="..\..\Drivers\CMSIS\core_cm23.h">
      <Filter>Source files\Drivers\CMSIS</Filter>
    </ClInclude>
    <ClInclude Include="..\..\Drivers\CMSIS\core_cm3.h">
      <Filter>Source files\Drivers\CMSIS</Filter>
    </ClInclude>
    <ClInclude Include="..\..\Drivers\CMSIS\core_cm33.h">
      <Filter>Source files\Drivers\CMSIS</Filter>
    </ClInclude>
    <ClInclude Include="..\..\Drivers\CMSIS\core_cm4.h">
      <Filter>Source files\Drivers\CMSIS</Filter>
    </ClInclude>
    <ClInclude Include="..\..\Drivers\CMSIS\core_cm7.h">
      <Filter>Source files\Drivers\CMSIS</Filter>
    </ClInclude>
    <ClInclude Include="..\..\Drivers\CMSIS\core_sc000.h">
      <Filter>Source files\Drivers\CMSIS</Filter>
    </ClInclude>
    <ClInclude Include="..\..\Drivers\CMSIS\core_sc300.h">
      <Filter>Source files\Drivers\CMSIS</Filter>
    </ClInclude>
    <ClInclude Include="..\..\Drivers\CMSIS\mpu_armv7.h">
      <Filter>Source files\Drivers\CMSIS</Filter>
    </ClInclude>
    <ClInclude Include="..\..\Drivers\CMSIS\mpu_armv8.h">
      <Filter>Source files\Drivers\CMSIS</Filter>
    </ClInclude>
    <ClInclude Include="..\..\Drivers\CMSIS\stm32f103xb.h">
      <Filter>Source files\Drivers\CMSIS</Filter>
    </ClInclude>
    <ClInclude Include="..\..\Drivers\CMSIS\stm32f1xx.h">
      <Filter>Source files\Drivers\CMSIS</Filter>
    </ClInclude>
    <ClInclude Include="..\..\Drivers\CMSIS\system_stm32f1xx.h">
      <Filter>Source files\Drivers\CMSIS</Filter>
    </ClInclude>
    <ClInclude Include="..\..\Drivers\CMSIS\tz_context.h">
      <Filter>Source files\Drivers\CMSIS</Filter>
    </ClInclude>
    <None Include="stm32.props">
      <Filter>Source files\Device-specific files</Filter>
    </None>
    <None Include="CMSIS_Lesson1-Debug.vgdbsettings">
      <Filter>VisualGDB settings</Filter>
    </None>
    <None Include="CMSIS_Lesson1-Release.vgdbsettings">
      <Filter>VisualGDB settings</Filter>
    </None>
    <None Include="stm32.xml">
      <Filter>VisualGDB settings</Filter>
    </None>
  </ItemGroup>
</Project>