
Microsoft Visual Studio Solution File, Format Version 12.00
# Visual Studio 15
VisualStudioVersion = 15.0.28307.1972
MinimumVisualStudioVersion = 10.0.40219.1
Project("{8BC9CEB8-8B4A-11D0-8D11-00A0C91BC942}") = "CMSIS_Lesson_0", "CMSIS_Lesson_0\CMSIS_Lesson_0.vcxproj", "{437B36C6-AE46-4C98-A95A-709F062E6607}"
EndProject
Global
	GlobalSection(SolutionConfigurationPlatforms) = preSolution
		Debug|VisualGDB = Debug|VisualGDB
		Release|VisualGDB = Release|VisualGDB
	EndGlobalSection
	GlobalSection(ProjectConfigurationPlatforms) = postSolution
		{437B36C6-AE46-4C98-A95A-709F062E6607}.Debug|VisualGDB.ActiveCfg = Debug|VisualGDB
		{437B36C6-AE46-4C98-A95A-709F062E6607}.Debug|VisualGDB.Build.0 = Debug|VisualGDB
		{437B36C6-AE46-4C98-A95A-709F062E6607}.Release|VisualGDB.ActiveCfg = Release|VisualGDB
		{437B36C6-AE46-4C98-A95A-709F062E6607}.Release|VisualGDB.Build.0 = Release|VisualGDB
	EndGlobalSection
	GlobalSection(SolutionProperties) = preSolution
		HideSolutionNode = FALSE
	EndGlobalSection
	GlobalSection(ExtensibilityGlobals) = postSolution
		SolutionGuid = {6F120150-EC1D-4533-9CD0-918EA52766E9}
	EndGlobalSection
EndGlobal
