
Microsoft Visual Studio Solution File, Format Version 12.00
# Visual Studio 15
VisualStudioVersion = 15.0.28307.1972
MinimumVisualStudioVersion = 10.0.40219.1
Project("{8BC9CEB8-8B4A-11D0-8D11-00A0C91BC942}") = "CMSIS_Lesson2_EXTI", "CMSIS_Lesson2_EXTI\CMSIS_Lesson2_EXTI.vcxproj", "{3876966A-9BD3-414D-8382-A89511CA50D4}"
EndProject
Global
	GlobalSection(SolutionConfigurationPlatforms) = preSolution
		Debug|VisualGDB = Debug|VisualGDB
		Release|VisualGDB = Release|VisualGDB
	EndGlobalSection
	GlobalSection(ProjectConfigurationPlatforms) = postSolution
		{3876966A-9BD3-414D-8382-A89511CA50D4}.Debug|VisualGDB.ActiveCfg = Debug|VisualGDB
		{3876966A-9BD3-414D-8382-A89511CA50D4}.Debug|VisualGDB.Build.0 = Debug|VisualGDB
		{3876966A-9BD3-414D-8382-A89511CA50D4}.Release|VisualGDB.ActiveCfg = Release|VisualGDB
		{3876966A-9BD3-414D-8382-A89511CA50D4}.Release|VisualGDB.Build.0 = Release|VisualGDB
	EndGlobalSection
	GlobalSection(SolutionProperties) = preSolution
		HideSolutionNode = FALSE
	EndGlobalSection
	GlobalSection(ExtensibilityGlobals) = postSolution
		SolutionGuid = {AB5FD6D0-E48D-4695-B62A-9FF110B700F9}
	EndGlobalSection
EndGlobal
