
Microsoft Visual Studio Solution File, Format Version 12.00
# Visual Studio Version 17
VisualStudioVersion = 17.2.32516.85
MinimumVisualStudioVersion = 10.0.40219.1
Project("{8BC9CEB8-8B4A-11D0-8D11-00A0C91BC942}") = "CMSIS_SPI_LESSON", "CMSIS_SPI_LESSON\CMSIS_SPI_LESSON.vcxproj", "{4EACFB5A-4433-42AC-BEF6-95E4D9F66F48}"
EndProject
Global
	GlobalSection(SolutionConfigurationPlatforms) = preSolution
		Debug|VisualGDB = Debug|VisualGDB
		Release|VisualGDB = Release|VisualGDB
	EndGlobalSection
	GlobalSection(ProjectConfigurationPlatforms) = postSolution
		{4EACFB5A-4433-42AC-BEF6-95E4D9F66F48}.Debug|VisualGDB.ActiveCfg = Debug|VisualGDB
		{4EACFB5A-4433-42AC-BEF6-95E4D9F66F48}.Debug|VisualGDB.Build.0 = Debug|VisualGDB
		{4EACFB5A-4433-42AC-BEF6-95E4D9F66F48}.Release|VisualGDB.ActiveCfg = Release|VisualGDB
		{4EACFB5A-4433-42AC-BEF6-95E4D9F66F48}.Release|VisualGDB.Build.0 = Release|VisualGDB
	EndGlobalSection
	GlobalSection(SolutionProperties) = preSolution
		HideSolutionNode = FALSE
	EndGlobalSection
	GlobalSection(ExtensibilityGlobals) = postSolution
		SolutionGuid = {07084189-F144-4638-916A-3A79BA266C9C}
	EndGlobalSection
EndGlobal
